
Microsoft Visual Studio Solution File, Format Version 12.00
# Visual Studio 2013
VisualStudioVersion = 12.0.31101.0
MinimumVisualStudioVersion = 10.0.40219.1
Project("{FAE04EC0-301F-11D3-BF4B-00C04F79EFBC}") = "resharper-preview-tab.8.2", "resharper-preview-tab\resharper-preview-tab.8.2.csproj", "{67A202BB-6A89-4A2A-801C-A1163B01CBA6}"
EndProject
Global
	GlobalSection(SolutionConfigurationPlatforms) = preSolution
		Debug|Any CPU = Debug|Any CPU
		Release|Any CPU = Release|Any CPU
	EndGlobalSection
	GlobalSection(ProjectConfigurationPlatforms) = postSolution
		{67A202BB-6A89-4A2A-801C-A1163B01CBA6}.Debug|Any CPU.ActiveCfg = Debug|Any CPU
		{67A202BB-6A89-4A2A-801C-A1163B01CBA6}.Debug|Any CPU.Build.0 = Debug|Any CPU
		{67A202BB-6A89-4A2A-801C-A1163B01CBA6}.Release|Any CPU.ActiveCfg = Release|Any CPU
		{67A202BB-6A89-4A2A-801C-A1163B01CBA6}.Release|Any CPU.Build.0 = Release|Any CPU
	EndGlobalSection
	GlobalSection(SolutionProperties) = preSolution
		HideSolutionNode = FALSE
	EndGlobalSection
EndGlobal
