
Microsoft Visual Studio Solution File, Format Version 12.00
# Visual Studio 2013
VisualStudioVersion = 12.0.31101.0
MinimumVisualStudioVersion = 10.0.40219.1
Project("{FAE04EC0-301F-11D3-BF4B-00C04F79EFBC}") = "resharper-preview-tab.8.2", "resharper-preview-tab\resharper-preview-tab.8.2.csproj", "{67A202BB-6A89-4A2A-801C-A1163B01CBA6}"
EndProject
Project("{FAE04EC0-301F-11D3-BF4B-00C04F79EFBC}") = "resharper-preview-tab.9.0", "resharper-preview-tab\resharper-preview-tab.9.0.csproj", "{DF4869CE-35FA-4075-9696-0278915F5CD7}"
EndProject
Project("{2150E333-8FDC-42A3-9474-1A3956D46DE8}") = ".nuget", ".nuget", "{7807A895-9B98-498E-80C6-E7497B38D6A3}"
	ProjectSection(SolutionItems) = preProject
		.nuget\packages.config = .nuget\packages.config
	EndProjectSection
EndProject
Global
	GlobalSection(SolutionConfigurationPlatforms) = preSolution
		Debug|Any CPU = Debug|Any CPU
		Release|Any CPU = Release|Any CPU
	EndGlobalSection
	GlobalSection(ProjectConfigurationPlatforms) = postSolution
		{67A202BB-6A89-4A2A-801C-A1163B01CBA6}.Debug|Any CPU.ActiveCfg = Debug|Any CPU
		{67A202BB-6A89-4A2A-801C-A1163B01CBA6}.Debug|Any CPU.Build.0 = Debug|Any CPU
		{67A202BB-6A89-4A2A-801C-A1163B01CBA6}.Release|Any CPU.ActiveCfg = Release|Any CPU
		{67A202BB-6A89-4A2A-801C-A1163B01CBA6}.Release|Any CPU.Build.0 = Release|Any CPU
		{DF4869CE-35FA-4075-9696-0278915F5CD7}.Debug|Any CPU.ActiveCfg = Debug|Any CPU
		{DF4869CE-35FA-4075-9696-0278915F5CD7}.Debug|Any CPU.Build.0 = Debug|Any CPU
		{DF4869CE-35FA-4075-9696-0278915F5CD7}.Release|Any CPU.ActiveCfg = Release|Any CPU
		{DF4869CE-35FA-4075-9696-0278915F5CD7}.Release|Any CPU.Build.0 = Release|Any CPU
	EndGlobalSection
	GlobalSection(SolutionProperties) = preSolution
		HideSolutionNode = FALSE
	EndGlobalSection
EndGlobal
